
Microsoft Visual Studio Solution File, Format Version 12.00
Project("{FAE04EC0-301F-11D3-BF4B-00C04F79EFBC}") = "System.CommandLine.Extensions", "System.CommandLine.Extensions\System.CommandLine.Extensions.csproj", "{C25BB2E3-F989-4BA6-9009-406832DA1375}"
EndProject
Project("{FAE04EC0-301F-11D3-BF4B-00C04F79EFBC}") = "demo", "demo\demo.csproj", "{10B75815-6932-45EB-A01A-C431334CD183}"
EndProject
Global
	GlobalSection(SolutionConfigurationPlatforms) = preSolution
		Debug|Any CPU = Debug|Any CPU
		Release|Any CPU = Release|Any CPU
	EndGlobalSection
	GlobalSection(ProjectConfigurationPlatforms) = postSolution
		{C25BB2E3-F989-4BA6-9009-406832DA1375}.Debug|Any CPU.ActiveCfg = Debug|Any CPU
		{C25BB2E3-F989-4BA6-9009-406832DA1375}.Debug|Any CPU.Build.0 = Debug|Any CPU
		{C25BB2E3-F989-4BA6-9009-406832DA1375}.Release|Any CPU.ActiveCfg = Release|Any CPU
		{C25BB2E3-F989-4BA6-9009-406832DA1375}.Release|Any CPU.Build.0 = Release|Any CPU
		{10B75815-6932-45EB-A01A-C431334CD183}.Debug|Any CPU.ActiveCfg = Debug|Any CPU
		{10B75815-6932-45EB-A01A-C431334CD183}.Debug|Any CPU.Build.0 = Debug|Any CPU
		{10B75815-6932-45EB-A01A-C431334CD183}.Release|Any CPU.ActiveCfg = Release|Any CPU
		{10B75815-6932-45EB-A01A-C431334CD183}.Release|Any CPU.Build.0 = Release|Any CPU
	EndGlobalSection
EndGlobal
